{
  "object": {
    "pins": [
      {
        "package": "async-kit",
        "repositoryURL": "https://github.com/vapor/async-kit.git",
        "state": {
          "branch": null,
          "revision": "8ec02e274b70afe9e6d2f39c49b7491d76cbc128",
          "version": "1.8.0"
        }
      },
      {
        "package": "fluent-kit",
        "repositoryURL": "https://github.com/vapor/fluent-kit.git",
        "state": {
          "branch": null,
          "revision": "176f2b4b7c35a89dd756a5d6d8d5a8473bf92410",
          "version": "1.15.2"
        }
      },
      {
        "package": "sql-kit",
        "repositoryURL": "https://github.com/vapor/sql-kit.git",
        "state": {
          "branch": null,
          "revision": "b70d1fea1b544dd819c17e83d59fb9aa85c81e74",
          "version": "3.10.0"
        }
      },
      {
        "package": "swift-log",
        "repositoryURL": "https://github.com/apple/swift-log.git",
        "state": {
          "branch": null,
          "revision": "5d66f7ba25daf4f94100e7022febf3c75e37a6c7",
          "version": "1.4.2"
        }
      },
      {
        "package": "swift-nio",
        "repositoryURL": "https://github.com/apple/swift-nio.git",
        "state": {
          "branch": null,
          "revision": "fb48bdd8279799f655da5f8b4e0a21430eca6012",
          "version": "2.32.3"
        }
      }
    ]
  },
  "version": 1
}
